// !$*UTF8*$!
{
	archiveVersion = 1;
	classes = {
	};
	objectVersion = 46;
	objects = {

/* Begin PBXBuildFile section */
		2AB535F11B98A80D00A79C0A /* AppDelegate.swift in Sources */ = {isa = PBXBuildFile; fileRef = 2AB535F01B98A80D00A79C0A /* AppDelegate.swift */; };
		2AB535F31B98A80D00A79C0A /* ViewController.swift in Sources */ = {isa = PBXBuildFile; fileRef = 2AB535F21B98A80D00A79C0A /* ViewController.swift */; };
		2AB535F61B98A80D00A79C0A /* Main.storyboard in Resources */ = {isa = PBXBuildFile; fileRef = 2AB535F41B98A80D00A79C0A /* Main.storyboard */; };
		2AB535F81B98A80D00A79C0A /* Images.xcassets in Resources */ = {isa = PBXBuildFile; fileRef = 2AB535F71B98A80D00A79C0A /* Images.xcassets */; };
		2AB535FB1B98A80D00A79C0A /* LaunchScreen.xib in Resources */ = {isa = PBXBuildFile; fileRef = 2AB535F91B98A80D00A79C0A /* LaunchScreen.xib */; };
		2AB536071B98A80D00A79C0A /* tipsTests.swift in Sources */ = {isa = PBXBuildFile; fileRef = 2AB536061B98A80D00A79C0A /* tipsTests.swift */; };
		2AB536141B98C0C800A79C0A /* UserViewController.swift in Sources */ = {isa = PBXBuildFile; fileRef = 2AB536131B98C0C800A79C0A /* UserViewController.swift */; };
/* End PBXBuildFile section */

/* Begin PBXContainerItemProxy section */
		2AB536011B98A80D00A79C0A /* PBXContainerItemProxy */ = {
			isa = PBXContainerItemProxy;
			containerPortal = 2AB535E31B98A80D00A79C0A /* Project object */;
			proxyType = 1;
			remoteGlobalIDString = 2AB535EA1B98A80D00A79C0A;
			remoteInfo = tips;
		};
/* End PBXContainerItemProxy section */

/* Begin PBXFileReference section */
		2AB535EB1B98A80D00A79C0A /* tips.app */ = {isa = PBXFileReference; explicitFileType = wrapper.application; includeInIndex = 0; path = tips.app; sourceTree = BUILT_PRODUCTS_DIR; };
		2AB535EF1B98A80D00A79C0A /* Info.plist */ = {isa = PBXFileReference; lastKnownFileType = text.plist.xml; path = Info.plist; sourceTree = "<group>"; };
		2AB535F01B98A80D00A79C0A /* AppDelegate.swift */ = {isa = PBXFileReference; lastKnownFileType = sourcecode.swift; path = AppDelegate.swift; sourceTree = "<group>"; };
		2AB535F21B98A80D00A79C0A /* ViewController.swift */ = {isa = PBXFileReference; lastKnownFileType = sourcecode.swift; path = ViewController.swift; sourceTree = "<group>"; };
		2AB535F51B98A80D00A79C0A /* Base */ = {isa = PBXFileReference; lastKnownFileType = file.storyboard; name = Base; path = Base.lproj/Main.storyboard; sourceTree = "<group>"; };
		2AB535F71B98A80D00A79C0A /* Images.xcassets */ = {isa = PBXFileReference; lastKnownFileType = folder.assetcatalog; path = Images.xcassets; sourceTree = "<group>"; };
		2AB535FA1B98A80D00A79C0A /* Base */ = {isa = PBXFileReference; lastKnownFileType = file.xib; name = Base; path = Base.lproj/LaunchScreen.xib; sourceTree = "<group>"; };
		2AB536001B98A80D00A79C0A /* tipsTests.xctest */ = {isa = PBXFileReference; explicitFileType = wrapper.cfbundle; includeInIndex = 0; path = tipsTests.xctest; sourceTree = BUILT_PRODUCTS_DIR; };
		2AB536051B98A80D00A79C0A /* Info.plist */ = {isa = PBXFileReference; lastKnownFileType = text.plist.xml; path = Info.plist; sourceTree = "<group>"; };
		2AB536061B98A80D00A79C0A /* tipsTests.swift */ = {isa = PBXFileReference; lastKnownFileType = sourcecode.swift; path = tipsTests.swift; sourceTree = "<group>"; };
		2AB536131B98C0C800A79C0A /* UserViewController.swift */ = {isa = PBXFileReference; fileEncoding = 4; lastKnownFileType = sourcecode.swift; path = UserViewController.swift; sourceTree = "<group>"; };
/* End PBXFileReference section */

/* Begin PBXFrameworksBuildPhase section */
		2AB535E81B98A80D00A79C0A /* Frameworks */ = {
			isa = PBXFrameworksBuildPhase;
			buildActionMask = 2147483647;
			files = (
			);
			runOnlyForDeploymentPostprocessing = 0;
		};
		2AB535FD1B98A80D00A79C0A /* Frameworks */ = {
			isa = PBXFrameworksBuildPhase;
			buildActionMask = 2147483647;
			files = (
			);
			runOnlyForDeploymentPostprocessing = 0;
		};
/* End PBXFrameworksBuildPhase section */

/* Begin PBXGroup section */
		2AB535E21B98A80D00A79C0A = {
			isa = PBXGroup;
			children = (
				2AB535ED1B98A80D00A79C0A /* tips */,
				2AB536031B98A80D00A79C0A /* tipsTests */,
				2AB535EC1B98A80D00A79C0A /* Products */,
			);
			sourceTree = "<group>";
		};
		2AB535EC1B98A80D00A79C0A /* Products */ = {
			isa = PBXGroup;
			children = (
				2AB535EB1B98A80D00A79C0A /* tips.app */,
				2AB536001B98A80D00A79C0A /* tipsTests.xctest */,
			);
			name = Products;
			sourceTree = "<group>";
		};
		2AB535ED1B98A80D00A79C0A /* tips */ = {
			isa = PBXGroup;
			children = (
				2AB536101B98BFDB00A79C0A /* ViewControllers */,
				2AB535F01B98A80D00A79C0A /* AppDelegate.swift */,
				2AB535F41B98A80D00A79C0A /* Main.storyboard */,
				2AB535F71B98A80D00A79C0A /* Images.xcassets */,
				2AB535F91B98A80D00A79C0A /* LaunchScreen.xib */,
				2AB535EE1B98A80D00A79C0A /* Supporting Files */,
			);
			path = tips;
			sourceTree = "<group>";
		};
		2AB535EE1B98A80D00A79C0A /* Supporting Files */ = {
			isa = PBXGroup;
			children = (
				2AB535EF1B98A80D00A79C0A /* Info.plist */,
			);
			name = "Supporting Files";
			sourceTree = "<group>";
		};
		2AB536031B98A80D00A79C0A /* tipsTests */ = {
			isa = PBXGroup;
			children = (
				2AB536061B98A80D00A79C0A /* tipsTests.swift */,
				2AB536041B98A80D00A79C0A /* Supporting Files */,
			);
			path = tipsTests;
			sourceTree = "<group>";
		};
		2AB536041B98A80D00A79C0A /* Supporting Files */ = {
			isa = PBXGroup;
			children = (
				2AB536051B98A80D00A79C0A /* Info.plist */,
			);
			name = "Supporting Files";
			sourceTree = "<group>";
		};
		2AB536101B98BFDB00A79C0A /* ViewControllers */ = {
			isa = PBXGroup;
			children = (
				2AB536131B98C0C800A79C0A /* UserViewController.swift */,
				2AB535F21B98A80D00A79C0A /* ViewController.swift */,
			);
			name = ViewControllers;
			sourceTree = "<group>";
		};
/* End PBXGroup section */

/* Begin PBXNativeTarget section */
		2AB535EA1B98A80D00A79C0A /* tips */ = {
			isa = PBXNativeTarget;
			buildConfigurationList = 2AB5360A1B98A80D00A79C0A /* Build configuration list for PBXNativeTarget "tips" */;
			buildPhases = (
				2AB535E71B98A80D00A79C0A /* Sources */,
				2AB535E81B98A80D00A79C0A /* Frameworks */,
				2AB535E91B98A80D00A79C0A /* Resources */,
			);
			buildRules = (
			);
			dependencies = (
			);
			name = tips;
			productName = tips;
			productReference = 2AB535EB1B98A80D00A79C0A /* tips.app */;
			productType = "com.apple.product-type.application";
		};
		2AB535FF1B98A80D00A79C0A /* tipsTests */ = {
			isa = PBXNativeTarget;
			buildConfigurationList = 2AB5360D1B98A80D00A79C0A /* Build configuration list for PBXNativeTarget "tipsTests" */;
			buildPhases = (
				2AB535FC1B98A80D00A79C0A /* Sources */,
				2AB535FD1B98A80D00A79C0A /* Frameworks */,
				2AB535FE1B98A80D00A79C0A /* Resources */,
			);
			buildRules = (
			);
			dependencies = (
				2AB536021B98A80D00A79C0A /* PBXTargetDependency */,
			);
			name = tipsTests;
			productName = tipsTests;
			productReference = 2AB536001B98A80D00A79C0A /* tipsTests.xctest */;
			productType = "com.apple.product-type.bundle.unit-test";
		};
/* End PBXNativeTarget section */

/* Begin PBXProject section */
		2AB535E31B98A80D00A79C0A /* Project object */ = {
			isa = PBXProject;
			attributes = {
				LastUpgradeCheck = 0640;
				ORGANIZATIONNAME = "Hina Sakazaki";
				TargetAttributes = {
					2AB535EA1B98A80D00A79C0A = {
						CreatedOnToolsVersion = 6.4;
					};
					2AB535FF1B98A80D00A79C0A = {
						CreatedOnToolsVersion = 6.4;
						TestTargetID = 2AB535EA1B98A80D00A79C0A;
					};
				};
			};
			buildConfigurationList = 2AB535E61B98A80D00A79C0A /* Build configuration list for PBXProject "tips" */;
			compatibilityVersion = "Xcode 3.2";
			developmentRegion = English;
			hasScannedForEncodings = 0;
			knownRegions = (
				en,
				Base,
			);
			mainGroup = 2AB535E21B98A80D00A79C0A;
			productRefGroup = 2AB535EC1B98A80D00A79C0A /* Products */;
			projectDirPath = "";
			projectRoot = "";
			targets = (
				2AB535EA1B98A80D00A79C0A /* tips */,
				2AB535FF1B98A80D00A79C0A /* tipsTests */,
			);
		};
/* End PBXProject section */

/* Begin PBXResourcesBuildPhase section */
		2AB535E91B98A80D00A79C0A /* Resources */ = {
			isa = PBXResourcesBuildPhase;
			buildActionMask = 2147483647;
			files = (
				2AB535F61B98A80D00A79C0A /* Main.storyboard in Resources */,
				2AB535FB1B98A80D00A79C0A /* LaunchScreen.xib in Resources */,
				2AB535F81B98A80D00A79C0A /* Images.xcassets in Resources */,
			);
			runOnlyForDeploymentPostprocessing = 0;
		};
		2AB535FE1B98A80D00A79C0A /* Resources */ = {
			isa = PBXResourcesBuildPhase;
			buildActionMask = 2147483647;
			files = (
			);
			runOnlyForDeploymentPostprocessing = 0;
		};
/* End PBXResourcesBuildPhase section */

/* Begin PBXSourcesBuildPhase section */
		2AB535E71B98A80D00A79C0A /* Sources */ = {
			isa = PBXSourcesBuildPhase;
			buildActionMask = 2147483647;
			files = (
				2AB535F31B98A80D00A79C0A /* ViewController.swift in Sources */,
				2AB536141B98C0C800A79C0A /* UserViewController.swift in Sources */,
				2AB535F11B98A80D00A79C0A /* AppDelegate.swift in Sources */,
			);
			runOnlyForDeploymentPostprocessing = 0;
		};
		2AB535FC1B98A80D00A79C0A /* Sources */ = {
			isa = PBXSourcesBuildPhase;
			buildActionMask = 2147483647;
			files = (
				2AB536071B98A80D00A79C0A /* tipsTests.swift in Sources */,
			);
			runOnlyForDeploymentPostprocessing = 0;
		};
/* End PBXSourcesBuildPhase section */

/* Begin PBXTargetDependency section */
		2AB536021B98A80D00A79C0A /* PBXTargetDependency */ = {
			isa = PBXTargetDependency;
			target = 2AB535EA1B98A80D00A79C0A /* tips */;
			targetProxy = 2AB536011B98A80D00A79C0A /* PBXContainerItemProxy */;
		};
/* End PBXTargetDependency section */

/* Begin PBXVariantGroup section */
		2AB535F41B98A80D00A79C0A /* Main.storyboard */ = {
			isa = PBXVariantGroup;
			children = (
				2AB535F51B98A80D00A79C0A /* Base */,
			);
			name = Main.storyboard;
			sourceTree = "<group>";
		};
		2AB535F91B98A80D00A79C0A /* LaunchScreen.xib */ = {
			isa = PBXVariantGroup;
			children = (
				2AB535FA1B98A80D00A79C0A /* Base */,
			);
			name = LaunchScreen.xib;
			sourceTree = "<group>";
		};
/* End PBXVariantGroup section */

/* Begin XCBuildConfiguration section */
		2AB536081B98A80D00A79C0A /* Debug */ = {
			isa = XCBuildConfiguration;
			buildSettings = {
				ALWAYS_SEARCH_USER_PATHS = NO;
				CLANG_CXX_LANGUAGE_STANDARD = "gnu++0x";
				CLANG_CXX_LIBRARY = "libc++";
				CLANG_ENABLE_MODULES = YES;
				CLANG_ENABLE_OBJC_ARC = YES;
				CLANG_WARN_BOOL_CONVERSION = YES;
				CLANG_WARN_CONSTANT_CONVERSION = YES;
				CLANG_WARN_DIRECT_OBJC_ISA_USAGE = YES_ERROR;
				CLANG_WARN_EMPTY_BODY = YES;
				CLANG_WARN_ENUM_CONVERSION = YES;
				CLANG_WARN_INT_CONVERSION = YES;
				CLANG_WARN_OBJC_ROOT_CLASS = YES_ERROR;
				CLANG_WARN_UNREACHABLE_CODE = YES;
				CLANG_WARN__DUPLICATE_METHOD_MATCH = YES;
				"CODE_SIGN_IDENTITY[sdk=iphoneos*]" = "iPhone Developer";
				COPY_PHASE_STRIP = NO;
				DEBUG_INFORMATION_FORMAT = "dwarf-with-dsym";
				ENABLE_STRICT_OBJC_MSGSEND = YES;
				GCC_C_LANGUAGE_STANDARD = gnu99;
				GCC_DYNAMIC_NO_PIC = NO;
				GCC_NO_COMMON_BLOCKS = YES;
				GCC_OPTIMIZATION_LEVEL = 0;
				GCC_PREPROCESSOR_DEFINITIONS = (
					"DEBUG=1",
					"$(inherited)",
				);
				GCC_SYMBOLS_PRIVATE_EXTERN = NO;
				GCC_WARN_64_TO_32_BIT_CONVERSION = YES;
				GCC_WARN_ABOUT_RETURN_TYPE = YES_ERROR;
				GCC_WARN_UNDECLARED_SELECTOR = YES;
				GCC_WARN_UNINITIALIZED_AUTOS = YES_AGGRESSIVE;
				GCC_WARN_UNUSED_FUNCTION = YES;
				GCC_WARN_UNUSED_VARIABLE = YES;
				IPHONEOS_DEPLOYMENT_TARGET = 8.4;
				MTL_ENABLE_DEBUG_INFO = YES;
				ONLY_ACTIVE_ARCH = YES;
				SDKROOT = iphoneos;
				SWIFT_OPTIMIZATION_LEVEL = "-Onone";
			};
			name = Debug;
		};
		2AB536091B98A80D00A79C0A /* Release */ = {
			isa = XCBuildConfiguration;
			buildSettings = {
				ALWAYS_SEARCH_USER_PATHS = NO;
				CLANG_CXX_LANGUAGE_STANDARD = "gnu++0x";
				CLANG_CXX_LIBRARY = "libc++";
				CLANG_ENABLE_MODULES = YES;
				CLANG_ENABLE_OBJC_ARC = YES;
				CLANG_WARN_BOOL_CONVERSION = YES;
				CLANG_WARN_CONSTANT_CONVERSION = YES;
				CLANG_WARN_DIRECT_OBJC_ISA_USAGE = YES_ERROR;
				CLANG_WARN_EMPTY_BODY = YES;
				CLANG_WARN_ENUM_CONVERSION = YES;
				CLANG_WARN_INT_CONVERSION = YES;
				CLANG_WARN_OBJC_ROOT_CLASS = YES_ERROR;
				CLANG_WARN_UNREACHABLE_CODE = YES;
				CLANG_WARN__DUPLICATE_METHOD_MATCH = YES;
				"CODE_SIGN_IDENTITY[sdk=iphoneos*]" = "iPhone Developer";
				COPY_PHASE_STRIP = NO;
				DEBUG_INFORMATION_FORMAT = "dwarf-with-dsym";
				ENABLE_NS_ASSERTIONS = NO;
				ENABLE_STRICT_OBJC_MSGSEND = YES;
				GCC_C_LANGUAGE_STANDARD = gnu99;
				GCC_NO_COMMON_BLOCKS = YES;
				GCC_WARN_64_TO_32_BIT_CONVERSION = YES;
				GCC_WARN_ABOUT_RETURN_TYPE = YES_ERROR;
				GCC_WARN_UNDECLARED_SELECTOR = YES;
				GCC_WARN_UNINITIALIZED_AUTOS = YES_AGGRESSIVE;
				GCC_WARN_UNUSED_FUNCTION = YES;
				GCC_WARN_UNUSED_VARIABLE = YES;
				IPHONEOS_DEPLOYMENT_TARGET = 8.4;
				MTL_ENABLE_DEBUG_INFO = NO;
				SDKROOT = iphoneos;
				VALIDATE_PRODUCT = YES;
			};
			name = Release;
		};
		2AB5360B1B98A80D00A79C0A /* Debug */ = {
			isa = XCBuildConfiguration;
			buildSettings = {
				ASSETCATALOG_COMPILER_APPICON_NAME = AppIcon;
				INFOPLIST_FILE = tips/Info.plist;
				LD_RUNPATH_SEARCH_PATHS = "$(inherited) @executable_path/Frameworks";
				PRODUCT_NAME = "$(TARGET_NAME)";
			};
			name = Debug;
		};
		2AB5360C1B98A80D00A79C0A /* Release */ = {
			isa = XCBuildConfiguration;
			buildSettings = {
				ASSETCATALOG_COMPILER_APPICON_NAME = AppIcon;
				INFOPLIST_FILE = tips/Info.plist;
				LD_RUNPATH_SEARCH_PATHS = "$(inherited) @executable_path/Frameworks";
				PRODUCT_NAME = "$(TARGET_NAME)";
			};
			name = Release;
		};
		2AB5360E1B98A80D00A79C0A /* Debug */ = {
			isa = XCBuildConfiguration;
			buildSettings = {
				BUNDLE_LOADER = "$(TEST_HOST)";
				FRAMEWORK_SEARCH_PATHS = (
					"$(SDKROOT)/Developer/Library/Frameworks",
					"$(inherited)",
				);
				GCC_PREPROCESSOR_DEFINITIONS = (
					"DEBUG=1",
					"$(inherited)",
				);
				INFOPLIST_FILE = tipsTests/Info.plist;
				LD_RUNPATH_SEARCH_PATHS = "$(inherited) @executable_path/Frameworks @loader_path/Frameworks";
				PRODUCT_NAME = "$(TARGET_NAME)";
				TEST_HOST = "$(BUILT_PRODUCTS_DIR)/tips.app/tips";
			};
			name = Debug;
		};
		2AB5360F1B98A80D00A79C0A /* Release */ = {
			isa = XCBuildConfiguration;
			buildSettings = {
				BUNDLE_LOADER = "$(TEST_HOST)";
				FRAMEWORK_SEARCH_PATHS = (
					"$(SDKROOT)/Developer/Library/Frameworks",
					"$(inherited)",
				);
				INFOPLIST_FILE = tipsTests/Info.plist;
				LD_RUNPATH_SEARCH_PATHS = "$(inherited) @executable_path/Frameworks @loader_path/Frameworks";
				PRODUCT_NAME = "$(TARGET_NAME)";
				TEST_HOST = "$(BUILT_PRODUCTS_DIR)/tips.app/tips";
			};
			name = Release;
		};
/* End XCBuildConfiguration section */

/* Begin XCConfigurationList section */
		2AB535E61B98A80D00A79C0A /* Build configuration list for PBXProject "tips" */ = {
			isa = XCConfigurationList;
			buildConfigurations = (
				2AB536081B98A80D00A79C0A /* Debug */,
				2AB536091B98A80D00A79C0A /* Release */,
			);
			defaultConfigurationIsVisible = 0;
			defaultConfigurationName = Release;
		};
		2AB5360A1B98A80D00A79C0A /* Build configuration list for PBXNativeTarget "tips" */ = {
			isa = XCConfigurationList;
			buildConfigurations = (
				2AB5360B1B98A80D00A79C0A /* Debug */,
				2AB5360C1B98A80D00A79C0A /* Release */,
			);
			defaultConfigurationIsVisible = 0;
		};
		2AB5360D1B98A80D00A79C0A /* Build configuration list for PBXNativeTarget "tipsTests" */ = {
			isa = XCConfigurationList;
			buildConfigurations = (
				2AB5360E1B98A80D00A79C0A /* Debug */,
				2AB5360F1B98A80D00A79C0A /* Release */,
			);
			defaultConfigurationIsVisible = 0;
		};
/* End XCConfigurationList section */
	};
	rootObject = 2AB535E31B98A80D00A79C0A /* Project object */;
}
